
Microsoft Visual Studio Solution File, Format Version 12.00
# Visual Studio Version 17
VisualStudioVersion = 17.8.34330.188
MinimumVisualStudioVersion = 10.0.40219.1
Project("{FAE04EC0-301F-11D3-BF4B-00C04F79EFBC}") = "Ex01_01", "Ex01_01\Ex01_01.csproj", "{63CC8953-BF18-4C2D-A100-F82911A08332}"
EndProject
Project("{FAE04EC0-301F-11D3-BF4B-00C04F79EFBC}") = "Ex01_02", "Ex01_02\Ex01_02.csproj", "{E6CD2CA5-C41D-4010-8BEF-72B0290722BA}"
EndProject
Project("{FAE04EC0-301F-11D3-BF4B-00C04F79EFBC}") = "Ex01_03", "Ex01_03\Ex01_03.csproj", "{89DEEC89-73E5-458B-9C9F-4DD8A3754E10}"
EndProject
Project("{2150E333-8FDC-42A3-9474-1A3956D46DE8}") = "Solution Items", "Solution Items", "{8EC462FD-D22E-90A8-E5CE-7E832BA40C5D}"
EndProject
Project("{FAE04EC0-301F-11D3-BF4B-00C04F79EFBC}") = "Ex01_04", "Ex01_04\Ex01_04.csproj", "{554247F5-09EB-4929-A67F-89EA4C85D4DA}"
EndProject
Project("{FAE04EC0-301F-11D3-BF4B-00C04F79EFBC}") = "Ex01_05", "Ex01_05\Ex01_05.csproj", "{13E63964-17F7-45C4-A954-36C74059B8FB}"
EndProject
Global
	GlobalSection(SolutionConfigurationPlatforms) = preSolution
		Debug|Any CPU = Debug|Any CPU
		Release|Any CPU = Release|Any CPU
	EndGlobalSection
	GlobalSection(ProjectConfigurationPlatforms) = postSolution
		{63CC8953-BF18-4C2D-A100-F82911A08332}.Debug|Any CPU.ActiveCfg = Debug|Any CPU
		{63CC8953-BF18-4C2D-A100-F82911A08332}.Debug|Any CPU.Build.0 = Debug|Any CPU
		{63CC8953-BF18-4C2D-A100-F82911A08332}.Release|Any CPU.ActiveCfg = Release|Any CPU
		{63CC8953-BF18-4C2D-A100-F82911A08332}.Release|Any CPU.Build.0 = Release|Any CPU
		{E6CD2CA5-C41D-4010-8BEF-72B0290722BA}.Debug|Any CPU.ActiveCfg = Debug|Any CPU
		{E6CD2CA5-C41D-4010-8BEF-72B0290722BA}.Debug|Any CPU.Build.0 = Debug|Any CPU
		{E6CD2CA5-C41D-4010-8BEF-72B0290722BA}.Release|Any CPU.ActiveCfg = Release|Any CPU
		{E6CD2CA5-C41D-4010-8BEF-72B0290722BA}.Release|Any CPU.Build.0 = Release|Any CPU
		{89DEEC89-73E5-458B-9C9F-4DD8A3754E10}.Debug|Any CPU.ActiveCfg = Debug|Any CPU
		{89DEEC89-73E5-458B-9C9F-4DD8A3754E10}.Debug|Any CPU.Build.0 = Debug|Any CPU
		{89DEEC89-73E5-458B-9C9F-4DD8A3754E10}.Release|Any CPU.ActiveCfg = Release|Any CPU
		{89DEEC89-73E5-458B-9C9F-4DD8A3754E10}.Release|Any CPU.Build.0 = Release|Any CPU
		{554247F5-09EB-4929-A67F-89EA4C85D4DA}.Debug|Any CPU.ActiveCfg = Debug|Any CPU
		{554247F5-09EB-4929-A67F-89EA4C85D4DA}.Debug|Any CPU.Build.0 = Debug|Any CPU
		{554247F5-09EB-4929-A67F-89EA4C85D4DA}.Release|Any CPU.ActiveCfg = Release|Any CPU
		{554247F5-09EB-4929-A67F-89EA4C85D4DA}.Release|Any CPU.Build.0 = Release|Any CPU
		{13E63964-17F7-45C4-A954-36C74059B8FB}.Debug|Any CPU.ActiveCfg = Debug|Any CPU
		{13E63964-17F7-45C4-A954-36C74059B8FB}.Debug|Any CPU.Build.0 = Debug|Any CPU
		{13E63964-17F7-45C4-A954-36C74059B8FB}.Release|Any CPU.ActiveCfg = Release|Any CPU
		{13E63964-17F7-45C4-A954-36C74059B8FB}.Release|Any CPU.Build.0 = Release|Any CPU
	EndGlobalSection
	GlobalSection(SolutionProperties) = preSolution
		HideSolutionNode = FALSE
	EndGlobalSection
	GlobalSection(ExtensibilityGlobals) = postSolution
		SolutionGuid = {5CD92849-B36B-4B73-9BB8-24C7C8336CDD}
	EndGlobalSection
EndGlobal
